
Microsoft Visual Studio Solution File, Format Version 12.00
# Visual Studio Version 16
VisualStudioVersion = 16.0.29123.88
MinimumVisualStudioVersion = 10.0.40219.1
Project("{FAE04EC0-301F-11D3-BF4B-00C04F79EFBC}") = "cw2", "cw2.csproj", "{15B1576F-10CA-4B73-89CF-F24A89FFEEF3}"
EndProject
Global
	GlobalSection(SolutionConfigurationPlatforms) = preSolution
		Debug|Any CPU = Debug|Any CPU
		Release|Any CPU = Release|Any CPU
	EndGlobalSection
	GlobalSection(ProjectConfigurationPlatforms) = postSolution
		{15B1576F-10CA-4B73-89CF-F24A89FFEEF3}.Debug|Any CPU.ActiveCfg = Debug|Any CPU
		{15B1576F-10CA-4B73-89CF-F24A89FFEEF3}.Debug|Any CPU.Build.0 = Debug|Any CPU
		{15B1576F-10CA-4B73-89CF-F24A89FFEEF3}.Release|Any CPU.ActiveCfg = Release|Any CPU
		{15B1576F-10CA-4B73-89CF-F24A89FFEEF3}.Release|Any CPU.Build.0 = Release|Any CPU
	EndGlobalSection
	GlobalSection(SolutionProperties) = preSolution
		HideSolutionNode = FALSE
	EndGlobalSection
	GlobalSection(ExtensibilityGlobals) = postSolution
		SolutionGuid = {E62A249B-5D5F-456C-8135-61FF9A19860E}
	EndGlobalSection
EndGlobal
